
Microsoft Visual Studio Solution File, Format Version 12.00
# Visual Studio Version 17
VisualStudioVersion = 17.10.35004.147
MinimumVisualStudioVersion = 10.0.40219.1
Project("{FAE04EC0-301F-11D3-BF4B-00C04F79EFBC}") = "Ecommerce.Server", "Ecommerce.Server\Ecommerce.Server.csproj", "{4641B154-5391-4206-B97A-8AB8F5B62B6E}"
EndProject
Project("{54A90642-561A-4BB1-A94E-469ADEE60C69}") = "ecommerce.client", "ecommerce.client\ecommerce.client.esproj", "{03A56037-9E29-4365-81F5-9EEFC302E148}"
EndProject
Global
	GlobalSection(SolutionConfigurationPlatforms) = preSolution
		Debug|Any CPU = Debug|Any CPU
		Release|Any CPU = Release|Any CPU
	EndGlobalSection
	GlobalSection(ProjectConfigurationPlatforms) = postSolution
		{4641B154-5391-4206-B97A-8AB8F5B62B6E}.Debug|Any CPU.ActiveCfg = Debug|Any CPU
		{4641B154-5391-4206-B97A-8AB8F5B62B6E}.Debug|Any CPU.Build.0 = Debug|Any CPU
		{4641B154-5391-4206-B97A-8AB8F5B62B6E}.Release|Any CPU.ActiveCfg = Release|Any CPU
		{4641B154-5391-4206-B97A-8AB8F5B62B6E}.Release|Any CPU.Build.0 = Release|Any CPU
		{03A56037-9E29-4365-81F5-9EEFC302E148}.Debug|Any CPU.ActiveCfg = Debug|Any CPU
		{03A56037-9E29-4365-81F5-9EEFC302E148}.Debug|Any CPU.Build.0 = Debug|Any CPU
		{03A56037-9E29-4365-81F5-9EEFC302E148}.Debug|Any CPU.Deploy.0 = Debug|Any CPU
		{03A56037-9E29-4365-81F5-9EEFC302E148}.Release|Any CPU.ActiveCfg = Release|Any CPU
		{03A56037-9E29-4365-81F5-9EEFC302E148}.Release|Any CPU.Build.0 = Release|Any CPU
		{03A56037-9E29-4365-81F5-9EEFC302E148}.Release|Any CPU.Deploy.0 = Release|Any CPU
	EndGlobalSection
	GlobalSection(SolutionProperties) = preSolution
		HideSolutionNode = FALSE
	EndGlobalSection
	GlobalSection(ExtensibilityGlobals) = postSolution
		SolutionGuid = {46EB2545-BD29-4CC9-868A-1A16D3962667}
	EndGlobalSection
EndGlobal
